
Microsoft Visual Studio Solution File, Format Version 12.00
# Visual Studio Version 16
VisualStudioVersion = 16.0.30621.155
MinimumVisualStudioVersion = 10.0.40219.1
Project("{FAE04EC0-301F-11D3-BF4B-00C04F79EFBC}") = "Tictactoe.App", "Tictactoe.App\Tictactoe.App.csproj", "{E9ECE721-8AF5-4389-B4F7-8B397590E74E}"
EndProject
Global
	GlobalSection(SolutionConfigurationPlatforms) = preSolution
		Debug|Any CPU = Debug|Any CPU
		Release|Any CPU = Release|Any CPU
	EndGlobalSection
	GlobalSection(ProjectConfigurationPlatforms) = postSolution
		{E9ECE721-8AF5-4389-B4F7-8B397590E74E}.Debug|Any CPU.ActiveCfg = Debug|Any CPU
		{E9ECE721-8AF5-4389-B4F7-8B397590E74E}.Debug|Any CPU.Build.0 = Debug|Any CPU
		{E9ECE721-8AF5-4389-B4F7-8B397590E74E}.Release|Any CPU.ActiveCfg = Release|Any CPU
		{E9ECE721-8AF5-4389-B4F7-8B397590E74E}.Release|Any CPU.Build.0 = Release|Any CPU
	EndGlobalSection
	GlobalSection(SolutionProperties) = preSolution
		HideSolutionNode = FALSE
	EndGlobalSection
	GlobalSection(ExtensibilityGlobals) = postSolution
		SolutionGuid = {95C4AD63-577C-49B7-A0F0-3AD85796BD88}
	EndGlobalSection
EndGlobal
